
Microsoft Visual Studio Solution File, Format Version 12.00
# Visual Studio Version 16
VisualStudioVersion = 16.0.31402.337
MinimumVisualStudioVersion = 10.0.40219.1
Project("{FAE04EC0-301F-11D3-BF4B-00C04F79EFBC}") = "Z4", "Demo\Z4.csproj", "{BF638D15-773A-414C-9895-47D84A7AA695}"
EndProject
Project("{FAE04EC0-301F-11D3-BF4B-00C04F79EFBC}") = "storage", "storage\storage.csproj", "{15B2A9CF-45F1-4C42-92FD-1E5E107AE365}"
EndProject
Project("{FAE04EC0-301F-11D3-BF4B-00C04F79EFBC}") = "Service", "Service\Service.csproj", "{D2F116B7-4BBC-4B26-9432-65D454F6C372}"
EndProject
Global
	GlobalSection(SolutionConfigurationPlatforms) = preSolution
		Debug|Any CPU = Debug|Any CPU
		Release|Any CPU = Release|Any CPU
	EndGlobalSection
	GlobalSection(ProjectConfigurationPlatforms) = postSolution
		{BF638D15-773A-414C-9895-47D84A7AA695}.Debug|Any CPU.ActiveCfg = Debug|Any CPU
		{BF638D15-773A-414C-9895-47D84A7AA695}.Debug|Any CPU.Build.0 = Debug|Any CPU
		{BF638D15-773A-414C-9895-47D84A7AA695}.Release|Any CPU.ActiveCfg = Release|Any CPU
		{BF638D15-773A-414C-9895-47D84A7AA695}.Release|Any CPU.Build.0 = Release|Any CPU
		{15B2A9CF-45F1-4C42-92FD-1E5E107AE365}.Debug|Any CPU.ActiveCfg = Debug|Any CPU
		{15B2A9CF-45F1-4C42-92FD-1E5E107AE365}.Debug|Any CPU.Build.0 = Debug|Any CPU
		{15B2A9CF-45F1-4C42-92FD-1E5E107AE365}.Release|Any CPU.ActiveCfg = Release|Any CPU
		{15B2A9CF-45F1-4C42-92FD-1E5E107AE365}.Release|Any CPU.Build.0 = Release|Any CPU
		{D2F116B7-4BBC-4B26-9432-65D454F6C372}.Debug|Any CPU.ActiveCfg = Debug|Any CPU
		{D2F116B7-4BBC-4B26-9432-65D454F6C372}.Debug|Any CPU.Build.0 = Debug|Any CPU
		{D2F116B7-4BBC-4B26-9432-65D454F6C372}.Release|Any CPU.ActiveCfg = Release|Any CPU
		{D2F116B7-4BBC-4B26-9432-65D454F6C372}.Release|Any CPU.Build.0 = Release|Any CPU
	EndGlobalSection
	GlobalSection(SolutionProperties) = preSolution
		HideSolutionNode = FALSE
	EndGlobalSection
	GlobalSection(ExtensibilityGlobals) = postSolution
		SolutionGuid = {FB85F325-FC1A-48F1-B558-289CACA49289}
	EndGlobalSection
EndGlobal
